Microsoft Visual Studio Solution File, Format Version 12.00
# Visual Studio 2013
VisualStudioVersion = 12.0.40629.0
MinimumVisualStudioVersion = 10.0.40219.1
Project("{8BC9CEB8-8B4A-11D0-8D11-00A0C91BC942}") = "HW01", "HW01\HW01.vcxproj", "{67D0754F-318F-382F-97BA-8AE0D908013F}"
EndProject
Project("{8BC9CEB8-8B4A-11D0-8D11-00A0C91BC942}") = "HW02", "HW02\HW02.vcxproj", "{029F0E97-D5A6-300F-BD86-87BF79A79009}"
EndProject
Project("{8BC9CEB8-8B4A-11D0-8D11-00A0C91BC942}") = "HW03", "HW03\HW03.vcxproj", "{022EC16E-F79C-3B8F-9B13-1EF4ACECF17C}"
EndProject
Project("{8BC9CEB8-8B4A-11D0-8D11-00A0C91BC942}") = "common", "Common\common.vcxproj", "{10C95C9C-CE12-301D-96A1-752C3566C234}"
EndProject
Global
	GlobalSection(SolutionConfigurationPlatforms) = preSolution
		Debug|x64 = Debug|x64
		Release|x64 = Release|x64
	EndGlobalSection
	GlobalSection(ProjectConfigurationPlatforms) = postSolution
		{67D0754F-318F-382F-97BA-8AE0D908013F}.Debug|x64.ActiveCfg = Debug|x64
		{67D0754F-318F-382F-97BA-8AE0D908013F}.Debug|x64.Build.0 = Debug|x64
		{67D0754F-318F-382F-97BA-8AE0D908013F}.Release|x64.ActiveCfg = Release|x64
		{67D0754F-318F-382F-97BA-8AE0D908013F}.Release|x64.Build.0 = Release|x64
		{029F0E97-D5A6-300F-BD86-87BF79A79009}.Debug|x64.ActiveCfg = Debug|x64
		{029F0E97-D5A6-300F-BD86-87BF79A79009}.Debug|x64.Build.0 = Debug|x64
		{029F0E97-D5A6-300F-BD86-87BF79A79009}.Release|x64.ActiveCfg = Release|x64
		{029F0E97-D5A6-300F-BD86-87BF79A79009}.Release|x64.Build.0 = Release|x64
		{022EC16E-F79C-3B8F-9B13-1EF4ACECF17C}.Debug|x64.ActiveCfg = Debug|x64
		{022EC16E-F79C-3B8F-9B13-1EF4ACECF17C}.Debug|x64.Build.0 = Debug|x64
		{022EC16E-F79C-3B8F-9B13-1EF4ACECF17C}.Release|x64.ActiveCfg = Release|x64
		{022EC16E-F79C-3B8F-9B13-1EF4ACECF17C}.Release|x64.Build.0 = Release|x64
		{10C95C9C-CE12-301D-96A1-752C3566C234}.Debug|x64.ActiveCfg = Debug|x64
		{10C95C9C-CE12-301D-96A1-752C3566C234}.Debug|x64.Build.0 = Debug|x64
		{10C95C9C-CE12-301D-96A1-752C3566C234}.Release|x64.ActiveCfg = Release|x64
		{10C95C9C-CE12-301D-96A1-752C3566C234}.Release|x64.Build.0 = Release|x64
	EndGlobalSection
	GlobalSection(SolutionProperties) = preSolution
		HideSolutionNode = FALSE
	EndGlobalSection
EndGlobal
