Microsoft Visual Studio Solution File, Format Version 12.00
# Visual Studio 2013
VisualStudioVersion = 12.0.40629.0
MinimumVisualStudioVersion = 10.0.40219.1
Project("{8BC9CEB8-8B4A-11D0-8D11-00A0C91BC942}") = "HW01", "HW01\HW01.vcxproj", "{8BC23AEB-44D5-3550-93C0-6E41B8DD62A2}"
EndProject
Project("{8BC9CEB8-8B4A-11D0-8D11-00A0C91BC942}") = "HW02", "HW02\HW02.vcxproj", "{15B6B60F-1AE6-3937-BF8C-2AD80782AE24}"
EndProject
Project("{8BC9CEB8-8B4A-11D0-8D11-00A0C91BC942}") = "HW03", "HW03\HW03.vcxproj", "{1CF97243-733E-3F9C-8166-454A912E820D}"
EndProject
Project("{8BC9CEB8-8B4A-11D0-8D11-00A0C91BC942}") = "common", "Common\common.vcxproj", "{32526DD4-40C4-38F9-AA7A-4FBDE98119EC}"
EndProject
Global
	GlobalSection(SolutionConfigurationPlatforms) = preSolution
		Debug|x64 = Debug|x64
		Release|x64 = Release|x64
	EndGlobalSection
	GlobalSection(ProjectConfigurationPlatforms) = postSolution
		{8BC23AEB-44D5-3550-93C0-6E41B8DD62A2}.Debug|x64.ActiveCfg = Debug|x64
		{8BC23AEB-44D5-3550-93C0-6E41B8DD62A2}.Debug|x64.Build.0 = Debug|x64
		{8BC23AEB-44D5-3550-93C0-6E41B8DD62A2}.Release|x64.ActiveCfg = Release|x64
		{8BC23AEB-44D5-3550-93C0-6E41B8DD62A2}.Release|x64.Build.0 = Release|x64
		{15B6B60F-1AE6-3937-BF8C-2AD80782AE24}.Debug|x64.ActiveCfg = Debug|x64
		{15B6B60F-1AE6-3937-BF8C-2AD80782AE24}.Debug|x64.Build.0 = Debug|x64
		{15B6B60F-1AE6-3937-BF8C-2AD80782AE24}.Release|x64.ActiveCfg = Release|x64
		{15B6B60F-1AE6-3937-BF8C-2AD80782AE24}.Release|x64.Build.0 = Release|x64
		{1CF97243-733E-3F9C-8166-454A912E820D}.Debug|x64.ActiveCfg = Debug|x64
		{1CF97243-733E-3F9C-8166-454A912E820D}.Debug|x64.Build.0 = Debug|x64
		{1CF97243-733E-3F9C-8166-454A912E820D}.Release|x64.ActiveCfg = Release|x64
		{1CF97243-733E-3F9C-8166-454A912E820D}.Release|x64.Build.0 = Release|x64
		{32526DD4-40C4-38F9-AA7A-4FBDE98119EC}.Debug|x64.ActiveCfg = Debug|x64
		{32526DD4-40C4-38F9-AA7A-4FBDE98119EC}.Debug|x64.Build.0 = Debug|x64
		{32526DD4-40C4-38F9-AA7A-4FBDE98119EC}.Release|x64.ActiveCfg = Release|x64
		{32526DD4-40C4-38F9-AA7A-4FBDE98119EC}.Release|x64.Build.0 = Release|x64
	EndGlobalSection
	GlobalSection(SolutionProperties) = preSolution
		HideSolutionNode = FALSE
	EndGlobalSection
EndGlobal
